
Microsoft Visual Studio Solution File, Format Version 12.00
# Visual Studio Version 16
VisualStudioVersion = 16.0.31410.357
MinimumVisualStudioVersion = 10.0.40219.1
Project("{FAE04EC0-301F-11D3-BF4B-00C04F79EFBC}") = "SastoMarket", "SastoMarket.csproj", "{F8A43576-DD0A-4E1D-81DE-1126C7DC9517}"
EndProject
Global
	GlobalSection(SolutionConfigurationPlatforms) = preSolution
		Debug|Any CPU = Debug|Any CPU
		Release|Any CPU = Release|Any CPU
	EndGlobalSection
	GlobalSection(ProjectConfigurationPlatforms) = postSolution
		{F8A43576-DD0A-4E1D-81DE-1126C7DC9517}.Debug|Any CPU.ActiveCfg = Debug|Any CPU
		{F8A43576-DD0A-4E1D-81DE-1126C7DC9517}.Debug|Any CPU.Build.0 = Debug|Any CPU
		{F8A43576-DD0A-4E1D-81DE-1126C7DC9517}.Release|Any CPU.ActiveCfg = Release|Any CPU
		{F8A43576-DD0A-4E1D-81DE-1126C7DC9517}.Release|Any CPU.Build.0 = Release|Any CPU
	EndGlobalSection
	GlobalSection(SolutionProperties) = preSolution
		HideSolutionNode = FALSE
	EndGlobalSection
	GlobalSection(ExtensibilityGlobals) = postSolution
		SolutionGuid = {CD620494-B73F-41CF-9F84-DE116452A39C}
	EndGlobalSection
EndGlobal
